// !$*UTF8*$!
{
	archiveVersion = 1;
	classes = {
	};
	objectVersion = 46;
	objects = {

/* Begin PBXBuildFile section */
		C5B32C981D50422100838977 /* main.m in Sources */ = {isa = PBXBuildFile; fileRef = C5B32C971D50422100838977 /* main.m */; };
		C5B32CA01D50423500838977 /* TemplateOne.mm in Sources */ = {isa = PBXBuildFile; fileRef = C5B32C9F1D50423500838977 /* TemplateOne.mm */; };
/* End PBXBuildFile section */

/* Begin PBXCopyFilesBuildPhase section */
		C5B32C921D50422100838977 /* CopyFiles */ = {
			isa = PBXCopyFilesBuildPhase;
			buildActionMask = 2147483647;
			dstPath = /usr/share/man/man1/;
			dstSubfolderSpec = 0;
			files = (
			);
			runOnlyForDeploymentPostprocessing = 1;
		};
/* End PBXCopyFilesBuildPhase section */

/* Begin PBXFileReference section */
		C5B32C941D50422100838977 /* TeamplateStudy */ = {isa = PBXFileReference; explicitFileType = "compiled.mach-o.executable"; includeInIndex = 0; path = TeamplateStudy; sourceTree = BUILT_PRODUCTS_DIR; };
		C5B32C971D50422100838977 /* main.m */ = {isa = PBXFileReference; lastKnownFileType = sourcecode.c.objc; path = main.m; sourceTree = "<group>"; };
		C5B32C9E1D50423500838977 /* TemplateOne.h */ = {isa = PBXFileReference; fileEncoding = 4; lastKnownFileType = sourcecode.c.h; path = TemplateOne.h; sourceTree = "<group>"; };
		C5B32C9F1D50423500838977 /* TemplateOne.mm */ = {isa = PBXFileReference; fileEncoding = 4; lastKnownFileType = sourcecode.cpp.objcpp; path = TemplateOne.mm; sourceTree = "<group>"; };
/* End PBXFileReference section */

/* Begin PBXFrameworksBuildPhase section */
		C5B32C911D50422100838977 /* Frameworks */ = {
			isa = PBXFrameworksBuildPhase;
			buildActionMask = 2147483647;
			files = (
			);
			runOnlyForDeploymentPostprocessing = 0;
		};
/* End PBXFrameworksBuildPhase section */

/* Begin PBXGroup section */
		C5B32C8B1D50422100838977 = {
			isa = PBXGroup;
			children = (
				C5B32C961D50422100838977 /* TeamplateStudy */,
				C5B32C951D50422100838977 /* Products */,
			);
			sourceTree = "<group>";
		};
		C5B32C951D50422100838977 /* Products */ = {
			isa = PBXGroup;
			children = (
				C5B32C941D50422100838977 /* TeamplateStudy */,
			);
			name = Products;
			sourceTree = "<group>";
		};
		C5B32C961D50422100838977 /* TeamplateStudy */ = {
			isa = PBXGroup;
			children = (
				C5B32C971D50422100838977 /* main.m */,
				C5B32C9E1D50423500838977 /* TemplateOne.h */,
				C5B32C9F1D50423500838977 /* TemplateOne.mm */,
			);
			path = TeamplateStudy;
			sourceTree = "<group>";
		};
/* End PBXGroup section */

/* Begin PBXNativeTarget section */
		C5B32C931D50422100838977 /* TeamplateStudy */ = {
			isa = PBXNativeTarget;
			buildConfigurationList = C5B32C9B1D50422100838977 /* Build configuration list for PBXNativeTarget "TeamplateStudy" */;
			buildPhases = (
				C5B32C901D50422100838977 /* Sources */,
				C5B32C911D50422100838977 /* Frameworks */,
				C5B32C921D50422100838977 /* CopyFiles */,
			);
			buildRules = (
			);
			dependencies = (
			);
			name = TeamplateStudy;
			productName = TeamplateStudy;
			productReference = C5B32C941D50422100838977 /* TeamplateStudy */;
			productType = "com.apple.product-type.tool";
		};
/* End PBXNativeTarget section */

/* Begin PBXProject section */
		C5B32C8C1D50422100838977 /* Project object */ = {
			isa = PBXProject;
			attributes = {
				LastUpgradeCheck = 0730;
				ORGANIZATIONNAME = HW;
				TargetAttributes = {
					C5B32C931D50422100838977 = {
						CreatedOnToolsVersion = 7.3;
					};
				};
			};
			buildConfigurationList = C5B32C8F1D50422100838977 /* Build configuration list for PBXProject "TeamplateStudy" */;
			compatibilityVersion = "Xcode 3.2";
			developmentRegion = English;
			hasScannedForEncodings = 0;
			knownRegions = (
				en,
			);
			mainGroup = C5B32C8B1D50422100838977;
			productRefGroup = C5B32C951D50422100838977 /* Products */;
			projectDirPath = "";
			projectRoot = "";
			targets = (
				C5B32C931D50422100838977 /* TeamplateStudy */,
			);
		};
/* End PBXProject section */

/* Begin PBXSourcesBuildPhase section */
		C5B32C901D50422100838977 /* Sources */ = {
			isa = PBXSourcesBuildPhase;
			buildActionMask = 2147483647;
			files = (
				C5B32CA01D50423500838977 /* TemplateOne.mm in Sources */,
				C5B32C981D50422100838977 /* main.m in Sources */,
			);
			runOnlyForDeploymentPostprocessing = 0;
		};
/* End PBXSourcesBuildPhase section */

/* Begin XCBuildConfiguration section */
		C5B32C991D50422100838977 /* Debug */ = {
			isa = XCBuildConfiguration;
			buildSettings = {
				ALWAYS_SEARCH_USER_PATHS = NO;
				CLANG_ANALYZER_NONNULL = YES;
				CLANG_CXX_LANGUAGE_STANDARD = "gnu++0x";
				CLANG_CXX_LIBRARY = "libc++";
				CLANG_ENABLE_MODULES = YES;
				CLANG_ENABLE_OBJC_ARC = YES;
				CLANG_WARN_BOOL_CONVERSION = YES;
				CLANG_WARN_CONSTANT_CONVERSION = YES;
				CLANG_WARN_DIRECT_OBJC_ISA_USAGE = YES_ERROR;
				CLANG_WARN_EMPTY_BODY = YES;
				CLANG_WARN_ENUM_CONVERSION = YES;
				CLANG_WARN_INT_CONVERSION = YES;
				CLANG_WARN_OBJC_ROOT_CLASS = YES_ERROR;
				CLANG_WARN_UNREACHABLE_CODE = YES;
				CLANG_WARN__DUPLICATE_METHOD_MATCH = YES;
				CODE_SIGN_IDENTITY = "-";
				COPY_PHASE_STRIP = NO;
				DEBUG_INFORMATION_FORMAT = dwarf;
				ENABLE_STRICT_OBJC_MSGSEND = YES;
				ENABLE_TESTABILITY = YES;
				GCC_C_LANGUAGE_STANDARD = gnu99;
				GCC_DYNAMIC_NO_PIC = NO;
				GCC_NO_COMMON_BLOCKS = YES;
				GCC_OPTIMIZATION_LEVEL = 0;
				GCC_PREPROCESSOR_DEFINITIONS = (
					"DEBUG=1",
					"$(inherited)",
				);
				GCC_WARN_64_TO_32_BIT_CONVERSION = YES;
				GCC_WARN_ABOUT_RETURN_TYPE = YES_ERROR;
				GCC_WARN_UNDECLARED_SELECTOR = YES;
				GCC_WARN_UNINITIALIZED_AUTOS = YES_AGGRESSIVE;
				GCC_WARN_UNUSED_FUNCTION = YES;
				GCC_WARN_UNUSED_VARIABLE = YES;
				MACOSX_DEPLOYMENT_TARGET = 10.11;
				MTL_ENABLE_DEBUG_INFO = YES;
				ONLY_ACTIVE_ARCH = YES;
				SDKROOT = macosx;
			};
			name = Debug;
		};
		C5B32C9A1D50422100838977 /* Release */ = {
			isa = XCBuildConfiguration;
			buildSettings = {
				ALWAYS_SEARCH_USER_PATHS = NO;
				CLANG_ANALYZER_NONNULL = YES;
				CLANG_CXX_LANGUAGE_STANDARD = "gnu++0x";
				CLANG_CXX_LIBRARY = "libc++";
				CLANG_ENABLE_MODULES = YES;
				CLANG_ENABLE_OBJC_ARC = YES;
				CLANG_WARN_BOOL_CONVERSION = YES;
				CLANG_WARN_CONSTANT_CONVERSION = YES;
				CLANG_WARN_DIRECT_OBJC_ISA_USAGE = YES_ERROR;
				CLANG_WARN_EMPTY_BODY = YES;
				CLANG_WARN_ENUM_CONVERSION = YES;
				CLANG_WARN_INT_CONVERSION = YES;
				CLANG_WARN_OBJC_ROOT_CLASS = YES_ERROR;
				CLANG_WARN_UNREACHABLE_CODE = YES;
				CLANG_WARN__DUPLICATE_METHOD_MATCH = YES;
				CODE_SIGN_IDENTITY = "-";
				COPY_PHASE_STRIP = NO;
				DEBUG_INFORMATION_FORMAT = "dwarf-with-dsym";
				ENABLE_NS_ASSERTIONS = NO;
				ENABLE_STRICT_OBJC_MSGSEND = YES;
				GCC_C_LANGUAGE_STANDARD = gnu99;
				GCC_NO_COMMON_BLOCKS = YES;
				GCC_WARN_64_TO_32_BIT_CONVERSION = YES;
				GCC_WARN_ABOUT_RETURN_TYPE = YES_ERROR;
				GCC_WARN_UNDECLARED_SELECTOR = YES;
				GCC_WARN_UNINITIALIZED_AUTOS = YES_AGGRESSIVE;
				GCC_WARN_UNUSED_FUNCTION = YES;
				GCC_WARN_UNUSED_VARIABLE = YES;
				MACOSX_DEPLOYMENT_TARGET = 10.11;
				MTL_ENABLE_DEBUG_INFO = NO;
				SDKROOT = macosx;
			};
			name = Release;
		};
		C5B32C9C1D50422100838977 /* Debug */ = {
			isa = XCBuildConfiguration;
			buildSettings = {
				PRODUCT_NAME = "$(TARGET_NAME)";
			};
			name = Debug;
		};
		C5B32C9D1D50422100838977 /* Release */ = {
			isa = XCBuildConfiguration;
			buildSettings = {
				PRODUCT_NAME = "$(TARGET_NAME)";
			};
			name = Release;
		};
/* End XCBuildConfiguration section */

/* Begin XCConfigurationList section */
		C5B32C8F1D50422100838977 /* Build configuration list for PBXProject "TeamplateStudy" */ = {
			isa = XCConfigurationList;
			buildConfigurations = (
				C5B32C991D50422100838977 /* Debug */,
				C5B32C9A1D50422100838977 /* Release */,
			);
			defaultConfigurationIsVisible = 0;
			defaultConfigurationName = Release;
		};
		C5B32C9B1D50422100838977 /* Build configuration list for PBXNativeTarget "TeamplateStudy" */ = {
			isa = XCConfigurationList;
			buildConfigurations = (
				C5B32C9C1D50422100838977 /* Debug */,
				C5B32C9D1D50422100838977 /* Release */,
			);
			defaultConfigurationIsVisible = 0;
		};
/* End XCConfigurationList section */
	};
	rootObject = C5B32C8C1D50422100838977 /* Project object */;
}
