// !$*UTF8*$!
{
	archiveVersion = 1;
	classes = {
	};
	objectVersion = 46;
	objects = {

/* Begin PBXBuildFile section */
		29BDC6971D4E2105002489ED /* main.m in Sources */ = {isa = PBXBuildFile; fileRef = 29BDC6961D4E2105002489ED /* main.m */; };
		29BDC69F1D4E215A002489ED /* Namespace.mm in Sources */ = {isa = PBXBuildFile; fileRef = 29BDC69E1D4E215A002489ED /* Namespace.mm */; };
		29BDC6A21D4E2178002489ED /* UsingOne.mm in Sources */ = {isa = PBXBuildFile; fileRef = 29BDC6A11D4E2178002489ED /* UsingOne.mm */; };
		29BDC6A51D4E3465002489ED /* Test.cpp in Sources */ = {isa = PBXBuildFile; fileRef = 29BDC6A31D4E3465002489ED /* Test.cpp */; };
/* End PBXBuildFile section */

/* Begin PBXCopyFilesBuildPhase section */
		29BDC6911D4E2105002489ED /* CopyFiles */ = {
			isa = PBXCopyFilesBuildPhase;
			buildActionMask = 2147483647;
			dstPath = /usr/share/man/man1/;
			dstSubfolderSpec = 0;
			files = (
			);
			runOnlyForDeploymentPostprocessing = 1;
		};
/* End PBXCopyFilesBuildPhase section */

/* Begin PBXFileReference section */
		29BDC6931D4E2105002489ED /* namespace */ = {isa = PBXFileReference; explicitFileType = "compiled.mach-o.executable"; includeInIndex = 0; path = namespace; sourceTree = BUILT_PRODUCTS_DIR; };
		29BDC6961D4E2105002489ED /* main.m */ = {isa = PBXFileReference; lastKnownFileType = sourcecode.c.objc; path = main.m; sourceTree = "<group>"; };
		29BDC69D1D4E215A002489ED /* NameSpace.h */ = {isa = PBXFileReference; fileEncoding = 4; lastKnownFileType = sourcecode.c.h; path = NameSpace.h; sourceTree = "<group>"; };
		29BDC69E1D4E215A002489ED /* Namespace.mm */ = {isa = PBXFileReference; fileEncoding = 4; lastKnownFileType = sourcecode.cpp.objcpp; path = Namespace.mm; sourceTree = "<group>"; };
		29BDC6A01D4E2178002489ED /* UsingOne.h */ = {isa = PBXFileReference; fileEncoding = 4; lastKnownFileType = sourcecode.c.h; path = UsingOne.h; sourceTree = "<group>"; };
		29BDC6A11D4E2178002489ED /* UsingOne.mm */ = {isa = PBXFileReference; fileEncoding = 4; lastKnownFileType = sourcecode.cpp.objcpp; path = UsingOne.mm; sourceTree = "<group>"; };
		29BDC6A31D4E3465002489ED /* Test.cpp */ = {isa = PBXFileReference; fileEncoding = 4; lastKnownFileType = sourcecode.cpp.cpp; path = Test.cpp; sourceTree = "<group>"; };
		29BDC6A41D4E3465002489ED /* Test.hpp */ = {isa = PBXFileReference; fileEncoding = 4; lastKnownFileType = sourcecode.cpp.h; path = Test.hpp; sourceTree = "<group>"; };
/* End PBXFileReference section */

/* Begin PBXFrameworksBuildPhase section */
		29BDC6901D4E2105002489ED /* Frameworks */ = {
			isa = PBXFrameworksBuildPhase;
			buildActionMask = 2147483647;
			files = (
			);
			runOnlyForDeploymentPostprocessing = 0;
		};
/* End PBXFrameworksBuildPhase section */

/* Begin PBXGroup section */
		29BDC68A1D4E2105002489ED = {
			isa = PBXGroup;
			children = (
				29BDC6951D4E2105002489ED /* namespace */,
				29BDC6941D4E2105002489ED /* Products */,
			);
			sourceTree = "<group>";
		};
		29BDC6941D4E2105002489ED /* Products */ = {
			isa = PBXGroup;
			children = (
				29BDC6931D4E2105002489ED /* namespace */,
			);
			name = Products;
			sourceTree = "<group>";
		};
		29BDC6951D4E2105002489ED /* namespace */ = {
			isa = PBXGroup;
			children = (
				29BDC6961D4E2105002489ED /* main.m */,
				29BDC69D1D4E215A002489ED /* NameSpace.h */,
				29BDC69E1D4E215A002489ED /* Namespace.mm */,
				29BDC6A31D4E3465002489ED /* Test.cpp */,
				29BDC6A41D4E3465002489ED /* Test.hpp */,
				29BDC6A01D4E2178002489ED /* UsingOne.h */,
				29BDC6A11D4E2178002489ED /* UsingOne.mm */,
			);
			path = namespace;
			sourceTree = "<group>";
		};
/* End PBXGroup section */

/* Begin PBXNativeTarget section */
		29BDC6921D4E2105002489ED /* namespace */ = {
			isa = PBXNativeTarget;
			buildConfigurationList = 29BDC69A1D4E2105002489ED /* Build configuration list for PBXNativeTarget "namespace" */;
			buildPhases = (
				29BDC68F1D4E2105002489ED /* Sources */,
				29BDC6901D4E2105002489ED /* Frameworks */,
				29BDC6911D4E2105002489ED /* CopyFiles */,
			);
			buildRules = (
			);
			dependencies = (
			);
			name = namespace;
			productName = namespace;
			productReference = 29BDC6931D4E2105002489ED /* namespace */;
			productType = "com.apple.product-type.tool";
		};
/* End PBXNativeTarget section */

/* Begin PBXProject section */
		29BDC68B1D4E2105002489ED /* Project object */ = {
			isa = PBXProject;
			attributes = {
				LastUpgradeCheck = 0720;
				ORGANIZATIONNAME = lizhongqiang;
				TargetAttributes = {
					29BDC6921D4E2105002489ED = {
						CreatedOnToolsVersion = 7.2;
					};
				};
			};
			buildConfigurationList = 29BDC68E1D4E2105002489ED /* Build configuration list for PBXProject "namespace" */;
			compatibilityVersion = "Xcode 3.2";
			developmentRegion = English;
			hasScannedForEncodings = 0;
			knownRegions = (
				en,
			);
			mainGroup = 29BDC68A1D4E2105002489ED;
			productRefGroup = 29BDC6941D4E2105002489ED /* Products */;
			projectDirPath = "";
			projectRoot = "";
			targets = (
				29BDC6921D4E2105002489ED /* namespace */,
			);
		};
/* End PBXProject section */

/* Begin PBXSourcesBuildPhase section */
		29BDC68F1D4E2105002489ED /* Sources */ = {
			isa = PBXSourcesBuildPhase;
			buildActionMask = 2147483647;
			files = (
				29BDC6971D4E2105002489ED /* main.m in Sources */,
				29BDC6A51D4E3465002489ED /* Test.cpp in Sources */,
				29BDC69F1D4E215A002489ED /* Namespace.mm in Sources */,
				29BDC6A21D4E2178002489ED /* UsingOne.mm in Sources */,
			);
			runOnlyForDeploymentPostprocessing = 0;
		};
/* End PBXSourcesBuildPhase section */

/* Begin XCBuildConfiguration section */
		29BDC6981D4E2105002489ED /* Debug */ = {
			isa = XCBuildConfiguration;
			buildSettings = {
				ALWAYS_SEARCH_USER_PATHS = NO;
				CLANG_CXX_LANGUAGE_STANDARD = "gnu++0x";
				CLANG_CXX_LIBRARY = "libc++";
				CLANG_ENABLE_MODULES = YES;
				CLANG_ENABLE_OBJC_ARC = YES;
				CLANG_WARN_BOOL_CONVERSION = YES;
				CLANG_WARN_CONSTANT_CONVERSION = YES;
				CLANG_WARN_DIRECT_OBJC_ISA_USAGE = YES_ERROR;
				CLANG_WARN_EMPTY_BODY = YES;
				CLANG_WARN_ENUM_CONVERSION = YES;
				CLANG_WARN_INT_CONVERSION = YES;
				CLANG_WARN_OBJC_ROOT_CLASS = YES_ERROR;
				CLANG_WARN_UNREACHABLE_CODE = YES;
				CLANG_WARN__DUPLICATE_METHOD_MATCH = YES;
				CODE_SIGN_IDENTITY = "-";
				COPY_PHASE_STRIP = NO;
				DEBUG_INFORMATION_FORMAT = dwarf;
				ENABLE_STRICT_OBJC_MSGSEND = YES;
				ENABLE_TESTABILITY = YES;
				GCC_C_LANGUAGE_STANDARD = gnu99;
				GCC_DYNAMIC_NO_PIC = NO;
				GCC_NO_COMMON_BLOCKS = YES;
				GCC_OPTIMIZATION_LEVEL = 0;
				GCC_PREPROCESSOR_DEFINITIONS = (
					"DEBUG=1",
					"$(inherited)",
				);
				GCC_WARN_64_TO_32_BIT_CONVERSION = YES;
				GCC_WARN_ABOUT_RETURN_TYPE = YES_ERROR;
				GCC_WARN_UNDECLARED_SELECTOR = YES;
				GCC_WARN_UNINITIALIZED_AUTOS = YES_AGGRESSIVE;
				GCC_WARN_UNUSED_FUNCTION = YES;
				GCC_WARN_UNUSED_VARIABLE = YES;
				MACOSX_DEPLOYMENT_TARGET = 10.11;
				MTL_ENABLE_DEBUG_INFO = YES;
				ONLY_ACTIVE_ARCH = YES;
				SDKROOT = macosx;
			};
			name = Debug;
		};
		29BDC6991D4E2105002489ED /* Release */ = {
			isa = XCBuildConfiguration;
			buildSettings = {
				ALWAYS_SEARCH_USER_PATHS = NO;
				CLANG_CXX_LANGUAGE_STANDARD = "gnu++0x";
				CLANG_CXX_LIBRARY = "libc++";
				CLANG_ENABLE_MODULES = YES;
				CLANG_ENABLE_OBJC_ARC = YES;
				CLANG_WARN_BOOL_CONVERSION = YES;
				CLANG_WARN_CONSTANT_CONVERSION = YES;
				CLANG_WARN_DIRECT_OBJC_ISA_USAGE = YES_ERROR;
				CLANG_WARN_EMPTY_BODY = YES;
				CLANG_WARN_ENUM_CONVERSION = YES;
				CLANG_WARN_INT_CONVERSION = YES;
				CLANG_WARN_OBJC_ROOT_CLASS = YES_ERROR;
				CLANG_WARN_UNREACHABLE_CODE = YES;
				CLANG_WARN__DUPLICATE_METHOD_MATCH = YES;
				CODE_SIGN_IDENTITY = "-";
				COPY_PHASE_STRIP = NO;
				DEBUG_INFORMATION_FORMAT = "dwarf-with-dsym";
				ENABLE_NS_ASSERTIONS = NO;
				ENABLE_STRICT_OBJC_MSGSEND = YES;
				GCC_C_LANGUAGE_STANDARD = gnu99;
				GCC_NO_COMMON_BLOCKS = YES;
				GCC_WARN_64_TO_32_BIT_CONVERSION = YES;
				GCC_WARN_ABOUT_RETURN_TYPE = YES_ERROR;
				GCC_WARN_UNDECLARED_SELECTOR = YES;
				GCC_WARN_UNINITIALIZED_AUTOS = YES_AGGRESSIVE;
				GCC_WARN_UNUSED_FUNCTION = YES;
				GCC_WARN_UNUSED_VARIABLE = YES;
				MACOSX_DEPLOYMENT_TARGET = 10.11;
				MTL_ENABLE_DEBUG_INFO = NO;
				SDKROOT = macosx;
			};
			name = Release;
		};
		29BDC69B1D4E2105002489ED /* Debug */ = {
			isa = XCBuildConfiguration;
			buildSettings = {
				PRODUCT_NAME = "$(TARGET_NAME)";
			};
			name = Debug;
		};
		29BDC69C1D4E2105002489ED /* Release */ = {
			isa = XCBuildConfiguration;
			buildSettings = {
				PRODUCT_NAME = "$(TARGET_NAME)";
			};
			name = Release;
		};
/* End XCBuildConfiguration section */

/* Begin XCConfigurationList section */
		29BDC68E1D4E2105002489ED /* Build configuration list for PBXProject "namespace" */ = {
			isa = XCConfigurationList;
			buildConfigurations = (
				29BDC6981D4E2105002489ED /* Debug */,
				29BDC6991D4E2105002489ED /* Release */,
			);
			defaultConfigurationIsVisible = 0;
			defaultConfigurationName = Release;
		};
		29BDC69A1D4E2105002489ED /* Build configuration list for PBXNativeTarget "namespace" */ = {
			isa = XCConfigurationList;
			buildConfigurations = (
				29BDC69B1D4E2105002489ED /* Debug */,
				29BDC69C1D4E2105002489ED /* Release */,
			);
			defaultConfigurationIsVisible = 0;
		};
/* End XCConfigurationList section */
	};
	rootObject = 29BDC68B1D4E2105002489ED /* Project object */;
}
